{
  "lockfileVersion": 1,
  "configVersion": 1,
  "workspaces": {
    "": {
      "name": "cys-browserd",
      "dependencies": {
        "playwright-core": "1.49.1",
      },
    },
  },
  "packages": {
    "playwright-core": ["playwright-core@1.49.1", "", { "bin": { "playwright-core": "cli.js" } }, "sha512-BzmpVcs4kE2CH15rWfzpjzVGhWERJfmnXmniSyKeRZUs9Ws65m+RGIi7mjJK/euCegfn3i7jvqWeWyHe9y3Vgg=="],
  }
}
